
Microsoft Visual Studio Solution File, Format Version 12.00
# Visual Studio Version 16
VisualStudioVersion = 16.0.30309.148
MinimumVisualStudioVersion = 10.0.40219.1
Project("{FAE04EC0-301F-11D3-BF4B-00C04F79EFBC}") = "CrmBL", "CrmBL\CrmBL.csproj", "{7C184BB5-FED2-4945-A288-C4E8E1FC2587}"
EndProject
Project("{FAE04EC0-301F-11D3-BF4B-00C04F79EFBC}") = "CrmUI", "CrmUI\CrmUI.csproj", "{87A42164-44E4-448B-AB70-6A48EA01B467}"
EndProject
Global
	GlobalSection(SolutionConfigurationPlatforms) = preSolution
		Debug|Any CPU = Debug|Any CPU
		Release|Any CPU = Release|Any CPU
	EndGlobalSection
	GlobalSection(ProjectConfigurationPlatforms) = postSolution
		{7C184BB5-FED2-4945-A288-C4E8E1FC2587}.Debug|Any CPU.ActiveCfg = Debug|Any CPU
		{7C184BB5-FED2-4945-A288-C4E8E1FC2587}.Debug|Any CPU.Build.0 = Debug|Any CPU
		{7C184BB5-FED2-4945-A288-C4E8E1FC2587}.Release|Any CPU.ActiveCfg = Release|Any CPU
		{7C184BB5-FED2-4945-A288-C4E8E1FC2587}.Release|Any CPU.Build.0 = Release|Any CPU
		{87A42164-44E4-448B-AB70-6A48EA01B467}.Debug|Any CPU.ActiveCfg = Debug|Any CPU
		{87A42164-44E4-448B-AB70-6A48EA01B467}.Debug|Any CPU.Build.0 = Debug|Any CPU
		{87A42164-44E4-448B-AB70-6A48EA01B467}.Release|Any CPU.ActiveCfg = Release|Any CPU
		{87A42164-44E4-448B-AB70-6A48EA01B467}.Release|Any CPU.Build.0 = Release|Any CPU
	EndGlobalSection
	GlobalSection(SolutionProperties) = preSolution
		HideSolutionNode = FALSE
	EndGlobalSection
	GlobalSection(ExtensibilityGlobals) = postSolution
		SolutionGuid = {61F97499-83FF-420F-8739-3D887D5EBCBC}
	EndGlobalSection
EndGlobal
